// !$*UTF8*$!
{
	archiveVersion = 1;
	classes = {
	};
	objectVersion = 77;
	objects = {

/* Begin PBXBuildFile section */
		6B3912222FC004720066559E /* Assets.xcassets in Resources */ = {isa = PBXBuildFile; fileRef = 6B39121E2FC004720066559E /* Assets.xcassets */; };
		6B3912232FC004720066559E /* ContentView.swift in Sources */ = {isa = PBXBuildFile; fileRef = 6B39121F2FC004720066559E /* ContentView.swift */; };
		6B3912242FC004720066559E /* GameBacklogApp.swift in Sources */ = {isa = PBXBuildFile; fileRef = 6B3912202FC004720066559E /* GameBacklogApp.swift */; };
		6B39122B2FC005160066559E /* GameBacklogTests.swift in Sources */ = {isa = PBXBuildFile; fileRef = 6B3912292FC005160066559E /* GameBacklogTests.swift */; };
		6B3912302FC005190066559E /* GameBacklogUITests.swift in Sources */ = {isa = PBXBuildFile; fileRef = 6B39122D2FC005190066559E /* GameBacklogUITests.swift */; };
		6B3912312FC005190066559E /* GameBacklogUITestsLaunchTests.swift in Sources */ = {isa = PBXBuildFile; fileRef = 6B39122E2FC005190066559E /* GameBacklogUITestsLaunchTests.swift */; };
		6B3912332FC005190066559E /* Config.xcconfig in Resources */ = {isa = PBXBuildFile; fileRef = 6B39122C2FC005190066559E /* Config.xcconfig */; };
		6B3912472FC219E70066559E /* NetworkManager.swift in Sources */ = {isa = PBXBuildFile; fileRef = 6B3912462FC219E70066559E /* NetworkManager.swift */; };
		6B3912492FC28E010066559E /* RAWGService.swift in Sources */ = {isa = PBXBuildFile; fileRef = 6B3912482FC28E010066559E /* RAWGService.swift */; };
		6BF547EC2FCA8EB80095EF08 /* HomeViewModel.swift in Sources */ = {isa = PBXBuildFile; fileRef = 6BF547EB2FCA8EB80095EF08 /* HomeViewModel.swift */; };
		6BF547EE2FCA92E80095EF08 /* HomeView.swift in Sources */ = {isa = PBXBuildFile; fileRef = 6BF547ED2FCA92E80095EF08 /* HomeView.swift */; };
		6BF547F02FCA9FEA0095EF08 /* GameCard.swift in Sources */ = {isa = PBXBuildFile; fileRef = 6BF547EF2FCA9FEA0095EF08 /* GameCard.swift */; };
		6BF547F32FCAA3040095EF08 /* Kingfisher in Frameworks */ = {isa = PBXBuildFile; productRef = 6BF547F22FCAA3040095EF08 /* Kingfisher */; };
		6BF7F7CB2FC93C220060053C /* Game.swift in Sources */ = {isa = PBXBuildFile; fileRef = 6BF7F7CA2FC93C220060053C /* Game.swift */; };
/* End PBXBuildFile section */

/* Begin PBXContainerItemProxy section */
		6B3912002FC001C10066559E /* PBXContainerItemProxy */ = {
			isa = PBXContainerItemProxy;
			containerPortal = 6B3911EA2FC001C00066559E /* Project object */;
			proxyType = 1;
			remoteGlobalIDString = 6B3911F12FC001C00066559E;
			remoteInfo = GameBacklog;
		};
		6B39120A2FC001C10066559E /* PBXContainerItemProxy */ = {
			isa = PBXContainerItemProxy;
			containerPortal = 6B3911EA2FC001C00066559E /* Project object */;
			proxyType = 1;
			remoteGlobalIDString = 6B3911F12FC001C00066559E;
			remoteInfo = GameBacklog;
		};
/* End PBXContainerItemProxy section */

/* Begin PBXFileReference section */
		6B3911F22FC001C00066559E /* GameBacklog.app */ = {isa = PBXFileReference; explicitFileType = wrapper.application; includeInIndex = 0; path = GameBacklog.app; sourceTree = BUILT_PRODUCTS_DIR; };
		6B3911FF2FC001C10066559E /* GameBacklogTests.xctest */ = {isa = PBXFileReference; explicitFileType = wrapper.cfbundle; includeInIndex = 0; path = GameBacklogTests.xctest; sourceTree = BUILT_PRODUCTS_DIR; };
		6B3912092FC001C10066559E /* GameBacklogUITests.xctest */ = {isa = PBXFileReference; explicitFileType = wrapper.cfbundle; includeInIndex = 0; path = GameBacklogUITests.xctest; sourceTree = BUILT_PRODUCTS_DIR; };
		6B39121E2FC004720066559E /* Assets.xcassets */ = {isa = PBXFileReference; lastKnownFileType = folder.assetcatalog; path = Assets.xcassets; sourceTree = "<group>"; };
		6B39121F2FC004720066559E /* ContentView.swift */ = {isa = PBXFileReference; lastKnownFileType = sourcecode.swift; path = ContentView.swift; sourceTree = "<group>"; };
		6B3912202FC004720066559E /* GameBacklogApp.swift */ = {isa = PBXFileReference; lastKnownFileType = sourcecode.swift; path = GameBacklogApp.swift; sourceTree = "<group>"; };
		6B3912292FC005160066559E /* GameBacklogTests.swift */ = {isa = PBXFileReference; lastKnownFileType = sourcecode.swift; path = GameBacklogTests.swift; sourceTree = "<group>"; };
		6B39122C2FC005190066559E /* Config.xcconfig */ = {isa = PBXFileReference; lastKnownFileType = text.xcconfig; path = Config.xcconfig; sourceTree = "<group>"; };
		6B39122D2FC005190066559E /* GameBacklogUITests.swift */ = {isa = PBXFileReference; lastKnownFileType = sourcecode.swift; path = GameBacklogUITests.swift; sourceTree = "<group>"; };
		6B39122E2FC005190066559E /* GameBacklogUITestsLaunchTests.swift */ = {isa = PBXFileReference; lastKnownFileType = sourcecode.swift; path = GameBacklogUITestsLaunchTests.swift; sourceTree = "<group>"; };
		6B3912372FC006E10066559E /* Info.plist */ = {isa = PBXFileReference; lastKnownFileType = text.plist; path = Info.plist; sourceTree = "<group>"; };
		6B3912462FC219E70066559E /* NetworkManager.swift */ = {isa = PBXFileReference; lastKnownFileType = sourcecode.swift; path = NetworkManager.swift; sourceTree = "<group>"; };
		6B3912482FC28E010066559E /* RAWGService.swift */ = {isa = PBXFileReference; lastKnownFileType = sourcecode.swift; path = RAWGService.swift; sourceTree = "<group>"; };
		6BF547EB2FCA8EB80095EF08 /* HomeViewModel.swift */ = {isa = PBXFileReference; lastKnownFileType = sourcecode.swift; path = HomeViewModel.swift; sourceTree = "<group>"; };
		6BF547ED2FCA92E80095EF08 /* HomeView.swift */ = {isa = PBXFileReference; lastKnownFileType = sourcecode.swift; path = HomeView.swift; sourceTree = "<group>"; };
		6BF547EF2FCA9FEA0095EF08 /* GameCard.swift */ = {isa = PBXFileReference; lastKnownFileType = sourcecode.swift; path = GameCard.swift; sourceTree = "<group>"; };
		6BF7F7CA2FC93C220060053C /* Game.swift */ = {isa = PBXFileReference; lastKnownFileType = sourcecode.swift; path = Game.swift; sourceTree = "<group>"; };
/* End PBXFileReference section */

/* Begin PBXFrameworksBuildPhase section */
		6B3911EF2FC001C00066559E /* Frameworks */ = {
			isa = PBXFrameworksBuildPhase;
			buildActionMask = 2147483647;
			files = (
				6BF547F32FCAA3040095EF08 /* Kingfisher in Frameworks */,
			);
			runOnlyForDeploymentPostprocessing = 0;
		};
		6B3911FC2FC001C10066559E /* Frameworks */ = {
			isa = PBXFrameworksBuildPhase;
			buildActionMask = 2147483647;
			files = (
			);
			runOnlyForDeploymentPostprocessing = 0;
		};
		6B3912062FC001C10066559E /* Frameworks */ = {
			isa = PBXFrameworksBuildPhase;
			buildActionMask = 2147483647;
			files = (
			);
			runOnlyForDeploymentPostprocessing = 0;
		};
/* End PBXFrameworksBuildPhase section */

/* Begin PBXGroup section */
		6B3911E92FC001C00066559E = {
			isa = PBXGroup;
			children = (
				6B3912212FC004720066559E /* GameBacklog */,
				6B39122A2FC005160066559E /* GameBacklogTests */,
				6B39122F2FC005190066559E /* GameBacklogUITests */,
				6B39122C2FC005190066559E /* Config.xcconfig */,
				6BF547F12FCAA3040095EF08 /* Frameworks */,
				6B3911F32FC001C00066559E /* Products */,
			);
			sourceTree = "<group>";
		};
		6B3911F32FC001C00066559E /* Products */ = {
			isa = PBXGroup;
			children = (
				6B3911F22FC001C00066559E /* GameBacklog.app */,
				6B3911FF2FC001C10066559E /* GameBacklogTests.xctest */,
				6B3912092FC001C10066559E /* GameBacklogUITests.xctest */,
			);
			name = Products;
			sourceTree = "<group>";
		};
		6B3912212FC004720066559E /* GameBacklog */ = {
			isa = PBXGroup;
			children = (
				6B39123D2FC219340066559E /* App */,
				6B39123C2FC2192C0066559E /* Core */,
				6B39123B2FC219230066559E /* Features */,
				6B39123A2FC219140066559E /* Components */,
				6B3912392FC219060066559E /* Resources */,
				6B3912372FC006E10066559E /* Info.plist */,
				6B39121E2FC004720066559E /* Assets.xcassets */,
				6B39121F2FC004720066559E /* ContentView.swift */,
				6B3912202FC004720066559E /* GameBacklogApp.swift */,
			);
			path = GameBacklog;
			sourceTree = "<group>";
		};
		6B39122A2FC005160066559E /* GameBacklogTests */ = {
			isa = PBXGroup;
			children = (
				6B3912292FC005160066559E /* GameBacklogTests.swift */,
			);
			path = GameBacklogTests;
			sourceTree = "<group>";
		};
		6B39122F2FC005190066559E /* GameBacklogUITests */ = {
			isa = PBXGroup;
			children = (
				6B39122D2FC005190066559E /* GameBacklogUITests.swift */,
				6B39122E2FC005190066559E /* GameBacklogUITestsLaunchTests.swift */,
			);
			path = GameBacklogUITests;
			sourceTree = "<group>";
		};
		6B3912392FC219060066559E /* Resources */ = {
			isa = PBXGroup;
			children = (
			);
			path = Resources;
			sourceTree = "<group>";
		};
		6B39123A2FC219140066559E /* Components */ = {
			isa = PBXGroup;
			children = (
				6BF547EF2FCA9FEA0095EF08 /* GameCard.swift */,
			);
			path = Components;
			sourceTree = "<group>";
		};
		6B39123B2FC219230066559E /* Features */ = {
			isa = PBXGroup;
			children = (
				6B3912452FC219690066559E /* Home */,
				6B3912442FC219630066559E /* Search */,
				6B3912432FC2195C0066559E /* Details */,
				6B3912422FC219560066559E /* Backlog */,
				6B3912412FC219510066559E /* Favorites */,
				6B3912402FC2194B0066559E /* Profile */,
			);
			path = Features;
			sourceTree = "<group>";
		};
		6B39123C2FC2192C0066559E /* Core */ = {
			isa = PBXGroup;
			children = (
				6B39123F2FC219420066559E /* Networking */,
				6B39123E2FC2193B0066559E /* Models */,
			);
			path = Core;
			sourceTree = "<group>";
		};
		6B39123D2FC219340066559E /* App */ = {
			isa = PBXGroup;
			children = (
			);
			path = App;
			sourceTree = "<group>";
		};
		6B39123E2FC2193B0066559E /* Models */ = {
			isa = PBXGroup;
			children = (
				6BF7F7CA2FC93C220060053C /* Game.swift */,
			);
			path = Models;
			sourceTree = "<group>";
		};
		6B39123F2FC219420066559E /* Networking */ = {
			isa = PBXGroup;
			children = (
				6B3912462FC219E70066559E /* NetworkManager.swift */,
				6B3912482FC28E010066559E /* RAWGService.swift */,
			);
			path = Networking;
			sourceTree = "<group>";
		};
		6B3912402FC2194B0066559E /* Profile */ = {
			isa = PBXGroup;
			children = (
			);
			path = Profile;
			sourceTree = "<group>";
		};
		6B3912412FC219510066559E /* Favorites */ = {
			isa = PBXGroup;
			children = (
			);
			path = Favorites;
			sourceTree = "<group>";
		};
		6B3912422FC219560066559E /* Backlog */ = {
			isa = PBXGroup;
			children = (
			);
			path = Backlog;
			sourceTree = "<group>";
		};
		6B3912432FC2195C0066559E /* Details */ = {
			isa = PBXGroup;
			children = (
			);
			path = Details;
			sourceTree = "<group>";
		};
		6B3912442FC219630066559E /* Search */ = {
			isa = PBXGroup;
			children = (
			);
			path = Search;
			sourceTree = "<group>";
		};
		6B3912452FC219690066559E /* Home */ = {
			isa = PBXGroup;
			children = (
				6BF547EB2FCA8EB80095EF08 /* HomeViewModel.swift */,
				6BF547ED2FCA92E80095EF08 /* HomeView.swift */,
			);
			path = Home;
			sourceTree = "<group>";
		};
		6BF547F12FCAA3040095EF08 /* Frameworks */ = {
			isa = PBXGroup;
			children = (
			);
			name = Frameworks;
			sourceTree = "<group>";
		};
/* End PBXGroup section */

/* Begin PBXNativeTarget section */
		6B3911F12FC001C00066559E /* GameBacklog */ = {
			isa = PBXNativeTarget;
			buildConfigurationList = 6B3912132FC001C10066559E /* Build configuration list for PBXNativeTarget "GameBacklog" */;
			buildPhases = (
				6B3911EE2FC001C00066559E /* Sources */,
				6B3911EF2FC001C00066559E /* Frameworks */,
				6B3911F02FC001C00066559E /* Resources */,
			);
			buildRules = (
			);
			dependencies = (
			);
			name = GameBacklog;
			packageProductDependencies = (
				6BF547F22FCAA3040095EF08 /* Kingfisher */,
			);
			productName = GameBacklog;
			productReference = 6B3911F22FC001C00066559E /* GameBacklog.app */;
			productType = "com.apple.product-type.application";
		};
		6B3911FE2FC001C10066559E /* GameBacklogTests */ = {
			isa = PBXNativeTarget;
			buildConfigurationList = 6B3912162FC001C10066559E /* Build configuration list for PBXNativeTarget "GameBacklogTests" */;
			buildPhases = (
				6B3911FB2FC001C10066559E /* Sources */,
				6B3911FC2FC001C10066559E /* Frameworks */,
				6B3911FD2FC001C10066559E /* Resources */,
			);
			buildRules = (
			);
			dependencies = (
				6B3912012FC001C10066559E /* PBXTargetDependency */,
			);
			name = GameBacklogTests;
			packageProductDependencies = (
			);
			productName = GameBacklogTests;
			productReference = 6B3911FF2FC001C10066559E /* GameBacklogTests.xctest */;
			productType = "com.apple.product-type.bundle.unit-test";
		};
		6B3912082FC001C10066559E /* GameBacklogUITests */ = {
			isa = PBXNativeTarget;
			buildConfigurationList = 6B3912192FC001C10066559E /* Build configuration list for PBXNativeTarget "GameBacklogUITests" */;
			buildPhases = (
				6B3912052FC001C10066559E /* Sources */,
				6B3912062FC001C10066559E /* Frameworks */,
				6B3912072FC001C10066559E /* Resources */,
			);
			buildRules = (
			);
			dependencies = (
				6B39120B2FC001C10066559E /* PBXTargetDependency */,
			);
			name = GameBacklogUITests;
			packageProductDependencies = (
			);
			productName = GameBacklogUITests;
			productReference = 6B3912092FC001C10066559E /* GameBacklogUITests.xctest */;
			productType = "com.apple.product-type.bundle.ui-testing";
		};
/* End PBXNativeTarget section */

/* Begin PBXProject section */
		6B3911EA2FC001C00066559E /* Project object */ = {
			isa = PBXProject;
			attributes = {
				BuildIndependentTargetsInParallel = 1;
				LastSwiftUpdateCheck = 2640;
				LastUpgradeCheck = 2640;
				TargetAttributes = {
					6B3911F12FC001C00066559E = {
						CreatedOnToolsVersion = 26.4.1;
					};
					6B3911FE2FC001C10066559E = {
						CreatedOnToolsVersion = 26.4.1;
						TestTargetID = 6B3911F12FC001C00066559E;
					};
					6B3912082FC001C10066559E = {
						CreatedOnToolsVersion = 26.4.1;
						TestTargetID = 6B3911F12FC001C00066559E;
					};
				};
			};
			buildConfigurationList = 6B3911ED2FC001C00066559E /* Build configuration list for PBXProject "GameBacklog" */;
			developmentRegion = en;
			hasScannedForEncodings = 0;
			knownRegions = (
				en,
				Base,
			);
			mainGroup = 6B3911E92FC001C00066559E;
			minimizedProjectReferenceProxies = 1;
			packageReferences = (
				6B3912382FC00A7E0066559E /* XCRemoteSwiftPackageReference "Kingfisher" */,
			);
			preferredProjectObjectVersion = 77;
			productRefGroup = 6B3911F32FC001C00066559E /* Products */;
			projectDirPath = "";
			projectRoot = "";
			targets = (
				6B3911F12FC001C00066559E /* GameBacklog */,
				6B3911FE2FC001C10066559E /* GameBacklogTests */,
				6B3912082FC001C10066559E /* GameBacklogUITests */,
			);
		};
/* End PBXProject section */

/* Begin PBXResourcesBuildPhase section */
		6B3911F02FC001C00066559E /* Resources */ = {
			isa = PBXResourcesBuildPhase;
			buildActionMask = 2147483647;
			files = (
				6B3912222FC004720066559E /* Assets.xcassets in Resources */,
			);
			runOnlyForDeploymentPostprocessing = 0;
		};
		6B3911FD2FC001C10066559E /* Resources */ = {
			isa = PBXResourcesBuildPhase;
			buildActionMask = 2147483647;
			files = (
				6B3912332FC005190066559E /* Config.xcconfig in Resources */,
			);
			runOnlyForDeploymentPostprocessing = 0;
		};
		6B3912072FC001C10066559E /* Resources */ = {
			isa = PBXResourcesBuildPhase;
			buildActionMask = 2147483647;
			files = (
			);
			runOnlyForDeploymentPostprocessing = 0;
		};
/* End PBXResourcesBuildPhase section */

/* Begin PBXSourcesBuildPhase section */
		6B3911EE2FC001C00066559E /* Sources */ = {
			isa = PBXSourcesBuildPhase;
			buildActionMask = 2147483647;
			files = (
				6B3912232FC004720066559E /* ContentView.swift in Sources */,
				6BF547EE2FCA92E80095EF08 /* HomeView.swift in Sources */,
				6BF547EC2FCA8EB80095EF08 /* HomeViewModel.swift in Sources */,
				6B3912472FC219E70066559E /* NetworkManager.swift in Sources */,
				6B3912492FC28E010066559E /* RAWGService.swift in Sources */,
				6BF547F02FCA9FEA0095EF08 /* GameCard.swift in Sources */,
				6BF7F7CB2FC93C220060053C /* Game.swift in Sources */,
				6B3912242FC004720066559E /* GameBacklogApp.swift in Sources */,
			);
			runOnlyForDeploymentPostprocessing = 0;
		};
		6B3911FB2FC001C10066559E /* Sources */ = {
			isa = PBXSourcesBuildPhase;
			buildActionMask = 2147483647;
			files = (
				6B39122B2FC005160066559E /* GameBacklogTests.swift in Sources */,
			);
			runOnlyForDeploymentPostprocessing = 0;
		};
		6B3912052FC001C10066559E /* Sources */ = {
			isa = PBXSourcesBuildPhase;
			buildActionMask = 2147483647;
			files = (
				6B3912302FC005190066559E /* GameBacklogUITests.swift in Sources */,
				6B3912312FC005190066559E /* GameBacklogUITestsLaunchTests.swift in Sources */,
			);
			runOnlyForDeploymentPostprocessing = 0;
		};
/* End PBXSourcesBuildPhase section */

/* Begin PBXTargetDependency section */
		6B3912012FC001C10066559E /* PBXTargetDependency */ = {
			isa = PBXTargetDependency;
			target = 6B3911F12FC001C00066559E /* GameBacklog */;
			targetProxy = 6B3912002FC001C10066559E /* PBXContainerItemProxy */;
		};
		6B39120B2FC001C10066559E /* PBXTargetDependency */ = {
			isa = PBXTargetDependency;
			target = 6B3911F12FC001C00066559E /* GameBacklog */;
			targetProxy = 6B39120A2FC001C10066559E /* PBXContainerItemProxy */;
		};
/* End PBXTargetDependency section */

/* Begin XCBuildConfiguration section */
		6B3912112FC001C10066559E /* Debug */ = {
			isa = XCBuildConfiguration;
			buildSettings = {
				ALWAYS_SEARCH_USER_PATHS = NO;
				ASSETCATALOG_COMPILER_GENERATE_SWIFT_ASSET_SYMBOL_EXTENSIONS = YES;
				CLANG_ANALYZER_NONNULL = YES;
				CLANG_ANALYZER_NUMBER_OBJECT_CONVERSION = YES_AGGRESSIVE;
				CLANG_CXX_LANGUAGE_STANDARD = "gnu++20";
				CLANG_ENABLE_MODULES = YES;
				CLANG_ENABLE_OBJC_ARC = YES;
				CLANG_ENABLE_OBJC_WEAK = YES;
				CLANG_WARN_BLOCK_CAPTURE_AUTORELEASING = YES;
				CLANG_WARN_BOOL_CONVERSION = YES;
				CLANG_WARN_COMMA = YES;
				CLANG_WARN_CONSTANT_CONVERSION = YES;
				CLANG_WARN_DEPRECATED_OBJC_IMPLEMENTATIONS = YES;
				CLANG_WARN_DIRECT_OBJC_ISA_USAGE = YES_ERROR;
				CLANG_WARN_DOCUMENTATION_COMMENTS = YES;
				CLANG_WARN_EMPTY_BODY = YES;
				CLANG_WARN_ENUM_CONVERSION = YES;
				CLANG_WARN_INFINITE_RECURSION = YES;
				CLANG_WARN_INT_CONVERSION = YES;
				CLANG_WARN_NON_LITERAL_NULL_CONVERSION = YES;
				CLANG_WARN_OBJC_IMPLICIT_RETAIN_SELF = YES;
				CLANG_WARN_OBJC_LITERAL_CONVERSION = YES;
				CLANG_WARN_OBJC_ROOT_CLASS = YES_ERROR;
				CLANG_WARN_QUOTED_INCLUDE_IN_FRAMEWORK_HEADER = YES;
				CLANG_WARN_RANGE_LOOP_ANALYSIS = YES;
				CLANG_WARN_STRICT_PROTOTYPES = YES;
				CLANG_WARN_SUSPICIOUS_MOVE = YES;
				CLANG_WARN_UNGUARDED_AVAILABILITY = YES_AGGRESSIVE;
				CLANG_WARN_UNREACHABLE_CODE = YES;
				CLANG_WARN__DUPLICATE_METHOD_MATCH = YES;
				COPY_PHASE_STRIP = NO;
				DEBUG_INFORMATION_FORMAT = dwarf;
				ENABLE_STRICT_OBJC_MSGSEND = YES;
				ENABLE_TESTABILITY = YES;
				ENABLE_USER_SCRIPT_SANDBOXING = YES;
				GCC_C_LANGUAGE_STANDARD = gnu17;
				GCC_DYNAMIC_NO_PIC = NO;
				GCC_NO_COMMON_BLOCKS = YES;
				GCC_OPTIMIZATION_LEVEL = 0;
				GCC_PREPROCESSOR_DEFINITIONS = (
					"DEBUG=1",
					"$(inherited)",
				);
				GCC_WARN_64_TO_32_BIT_CONVERSION = YES;
				GCC_WARN_ABOUT_RETURN_TYPE = YES_ERROR;
				GCC_WARN_UNDECLARED_SELECTOR = YES;
				GCC_WARN_UNINITIALIZED_AUTOS = YES_AGGRESSIVE;
				GCC_WARN_UNUSED_FUNCTION = YES;
				GCC_WARN_UNUSED_VARIABLE = YES;
				IPHONEOS_DEPLOYMENT_TARGET = 26.4;
				LOCALIZATION_PREFERS_STRING_CATALOGS = YES;
				MTL_ENABLE_DEBUG_INFO = INCLUDE_SOURCE;
				MTL_FAST_MATH = YES;
				ONLY_ACTIVE_ARCH = YES;
				SDKROOT = iphoneos;
				SWIFT_ACTIVE_COMPILATION_CONDITIONS = "DEBUG $(inherited)";
				SWIFT_OPTIMIZATION_LEVEL = "-Onone";
			};
			name = Debug;
		};
		6B3912122FC001C10066559E /* Release */ = {
			isa = XCBuildConfiguration;
			buildSettings = {
				ALWAYS_SEARCH_USER_PATHS = NO;
				ASSETCATALOG_COMPILER_GENERATE_SWIFT_ASSET_SYMBOL_EXTENSIONS = YES;
				CLANG_ANALYZER_NONNULL = YES;
				CLANG_ANALYZER_NUMBER_OBJECT_CONVERSION = YES_AGGRESSIVE;
				CLANG_CXX_LANGUAGE_STANDARD = "gnu++20";
				CLANG_ENABLE_MODULES = YES;
				CLANG_ENABLE_OBJC_ARC = YES;
				CLANG_ENABLE_OBJC_WEAK = YES;
				CLANG_WARN_BLOCK_CAPTURE_AUTORELEASING = YES;
				CLANG_WARN_BOOL_CONVERSION = YES;
				CLANG_WARN_COMMA = YES;
				CLANG_WARN_CONSTANT_CONVERSION = YES;
				CLANG_WARN_DEPRECATED_OBJC_IMPLEMENTATIONS = YES;
				CLANG_WARN_DIRECT_OBJC_ISA_USAGE = YES_ERROR;
				CLANG_WARN_DOCUMENTATION_COMMENTS = YES;
				CLANG_WARN_EMPTY_BODY = YES;
				CLANG_WARN_ENUM_CONVERSION = YES;
				CLANG_WARN_INFINITE_RECURSION = YES;
				CLANG_WARN_INT_CONVERSION = YES;
				CLANG_WARN_NON_LITERAL_NULL_CONVERSION = YES;
				CLANG_WARN_OBJC_IMPLICIT_RETAIN_SELF = YES;
				CLANG_WARN_OBJC_LITERAL_CONVERSION = YES;
				CLANG_WARN_OBJC_ROOT_CLASS = YES_ERROR;
				CLANG_WARN_QUOTED_INCLUDE_IN_FRAMEWORK_HEADER = YES;
				CLANG_WARN_RANGE_LOOP_ANALYSIS = YES;
				CLANG_WARN_STRICT_PROTOTYPES = YES;
				CLANG_WARN_SUSPICIOUS_MOVE = YES;
				CLANG_WARN_UNGUARDED_AVAILABILITY = YES_AGGRESSIVE;
				CLANG_WARN_UNREACHABLE_CODE = YES;
				CLANG_WARN__DUPLICATE_METHOD_MATCH = YES;
				COPY_PHASE_STRIP = NO;
				DEBUG_INFORMATION_FORMAT = "dwarf-with-dsym";
				ENABLE_NS_ASSERTIONS = NO;
				ENABLE_STRICT_OBJC_MSGSEND = YES;
				ENABLE_USER_SCRIPT_SANDBOXING = YES;
				GCC_C_LANGUAGE_STANDARD = gnu17;
				GCC_NO_COMMON_BLOCKS = YES;
				GCC_WARN_64_TO_32_BIT_CONVERSION = YES;
				GCC_WARN_ABOUT_RETURN_TYPE = YES_ERROR;
				GCC_WARN_UNDECLARED_SELECTOR = YES;
				GCC_WARN_UNINITIALIZED_AUTOS = YES_AGGRESSIVE;
				GCC_WARN_UNUSED_FUNCTION = YES;
				GCC_WARN_UNUSED_VARIABLE = YES;
				IPHONEOS_DEPLOYMENT_TARGET = 26.4;
				LOCALIZATION_PREFERS_STRING_CATALOGS = YES;
				MTL_ENABLE_DEBUG_INFO = NO;
				MTL_FAST_MATH = YES;
				SDKROOT = iphoneos;
				SWIFT_COMPILATION_MODE = wholemodule;
				VALIDATE_PRODUCT = YES;
			};
			name = Release;
		};
		6B3912142FC001C10066559E /* Debug */ = {
			isa = XCBuildConfiguration;
			baseConfigurationReference = 6B39122C2FC005190066559E /* Config.xcconfig */;
			buildSettings = {
				ASSETCATALOG_COMPILER_APPICON_NAME = AppIcon;
				ASSETCATALOG_COMPILER_GLOBAL_ACCENT_COLOR_NAME = AccentColor;
				CODE_SIGN_IDENTITY = "Apple Development";
				CODE_SIGN_STYLE = Automatic;
				CURRENT_PROJECT_VERSION = 1;
				DEVELOPMENT_TEAM = "";
				ENABLE_PREVIEWS = YES;
				GENERATE_INFOPLIST_FILE = YES;
				INFOPLIST_FILE = GameBacklog/Info.plist;
				INFOPLIST_KEY_UIApplicationSceneManifest_Generation = YES;
				INFOPLIST_KEY_UIApplicationSupportsIndirectInputEvents = YES;
				INFOPLIST_KEY_UILaunchScreen_Generation = YES;
				INFOPLIST_KEY_UISupportedInterfaceOrientations_iPad = "UIInterfaceOrientationPortrait UIInterfaceOrientationPortraitUpsideDown UIInterfaceOrientationLandscapeLeft UIInterfaceOrientationLandscapeRight";
				INFOPLIST_KEY_UISupportedInterfaceOrientations_iPhone = "UIInterfaceOrientationPortrait UIInterfaceOrientationLandscapeLeft UIInterfaceOrientationLandscapeRight";
				LD_RUNPATH_SEARCH_PATHS = (
					"$(inherited)",
					"@executable_path/Frameworks",
				);
				MARKETING_VERSION = 1.0;
				PRODUCT_BUNDLE_IDENTIFIER = com.youngmin.GameBacklog;
				PRODUCT_NAME = "$(TARGET_NAME)";
				PROVISIONING_PROFILE_SPECIFIER = "";
				STRING_CATALOG_GENERATE_SYMBOLS = YES;
				SWIFT_APPROACHABLE_CONCURRENCY = YES;
				SWIFT_DEFAULT_ACTOR_ISOLATION = MainActor;
				SWIFT_EMIT_LOC_STRINGS = YES;
				SWIFT_UPCOMING_FEATURE_MEMBER_IMPORT_VISIBILITY = YES;
				SWIFT_VERSION = 5.0;
				TARGETED_DEVICE_FAMILY = "1,2";
			};
			name = Debug;
		};
		6B3912152FC001C10066559E /* Release */ = {
			isa = XCBuildConfiguration;
			baseConfigurationReference = 6B39122C2FC005190066559E /* Config.xcconfig */;
			buildSettings = {
				ASSETCATALOG_COMPILER_APPICON_NAME = AppIcon;
				ASSETCATALOG_COMPILER_GLOBAL_ACCENT_COLOR_NAME = AccentColor;
				CODE_SIGN_IDENTITY = "Apple Development";
				CODE_SIGN_STYLE = Automatic;
				CURRENT_PROJECT_VERSION = 1;
				DEVELOPMENT_TEAM = "";
				ENABLE_PREVIEWS = YES;
				GENERATE_INFOPLIST_FILE = YES;
				INFOPLIST_FILE = GameBacklog/Info.plist;
				INFOPLIST_KEY_UIApplicationSceneManifest_Generation = YES;
				INFOPLIST_KEY_UIApplicationSupportsIndirectInputEvents = YES;
				INFOPLIST_KEY_UILaunchScreen_Generation = YES;
				INFOPLIST_KEY_UISupportedInterfaceOrientations_iPad = "UIInterfaceOrientationPortrait UIInterfaceOrientationPortraitUpsideDown UIInterfaceOrientationLandscapeLeft UIInterfaceOrientationLandscapeRight";
				INFOPLIST_KEY_UISupportedInterfaceOrientations_iPhone = "UIInterfaceOrientationPortrait UIInterfaceOrientationLandscapeLeft UIInterfaceOrientationLandscapeRight";
				LD_RUNPATH_SEARCH_PATHS = (
					"$(inherited)",
					"@executable_path/Frameworks",
				);
				MARKETING_VERSION = 1.0;
				PRODUCT_BUNDLE_IDENTIFIER = com.youngmin.GameBacklog;
				PRODUCT_NAME = "$(TARGET_NAME)";
				PROVISIONING_PROFILE_SPECIFIER = "";
				STRING_CATALOG_GENERATE_SYMBOLS = YES;
				SWIFT_APPROACHABLE_CONCURRENCY = YES;
				SWIFT_DEFAULT_ACTOR_ISOLATION = MainActor;
				SWIFT_EMIT_LOC_STRINGS = YES;
				SWIFT_UPCOMING_FEATURE_MEMBER_IMPORT_VISIBILITY = YES;
				SWIFT_VERSION = 5.0;
				TARGETED_DEVICE_FAMILY = "1,2";
			};
			name = Release;
		};
		6B3912172FC001C10066559E /* Debug */ = {
			isa = XCBuildConfiguration;
			buildSettings = {
				BUNDLE_LOADER = "$(TEST_HOST)";
				CODE_SIGN_STYLE = Automatic;
				CURRENT_PROJECT_VERSION = 1;
				GENERATE_INFOPLIST_FILE = YES;
				IPHONEOS_DEPLOYMENT_TARGET = 26.4;
				MARKETING_VERSION = 1.0;
				PRODUCT_BUNDLE_IDENTIFIER = com.youngmin.GameBacklogTests;
				PRODUCT_NAME = "$(TARGET_NAME)";
				STRING_CATALOG_GENERATE_SYMBOLS = NO;
				SWIFT_APPROACHABLE_CONCURRENCY = YES;
				SWIFT_EMIT_LOC_STRINGS = NO;
				SWIFT_UPCOMING_FEATURE_MEMBER_IMPORT_VISIBILITY = YES;
				SWIFT_VERSION = 5.0;
				TARGETED_DEVICE_FAMILY = "1,2";
				TEST_HOST = "$(BUILT_PRODUCTS_DIR)/GameBacklog.app/$(BUNDLE_EXECUTABLE_FOLDER_PATH)/GameBacklog";
			};
			name = Debug;
		};
		6B3912182FC001C10066559E /* Release */ = {
			isa = XCBuildConfiguration;
			buildSettings = {
				BUNDLE_LOADER = "$(TEST_HOST)";
				CODE_SIGN_STYLE = Automatic;
				CURRENT_PROJECT_VERSION = 1;
				GENERATE_INFOPLIST_FILE = YES;
				IPHONEOS_DEPLOYMENT_TARGET = 26.4;
				MARKETING_VERSION = 1.0;
				PRODUCT_BUNDLE_IDENTIFIER = com.youngmin.GameBacklogTests;
				PRODUCT_NAME = "$(TARGET_NAME)";
				STRING_CATALOG_GENERATE_SYMBOLS = NO;
				SWIFT_APPROACHABLE_CONCURRENCY = YES;
				SWIFT_EMIT_LOC_STRINGS = NO;
				SWIFT_UPCOMING_FEATURE_MEMBER_IMPORT_VISIBILITY = YES;
				SWIFT_VERSION = 5.0;
				TARGETED_DEVICE_FAMILY = "1,2";
				TEST_HOST = "$(BUILT_PRODUCTS_DIR)/GameBacklog.app/$(BUNDLE_EXECUTABLE_FOLDER_PATH)/GameBacklog";
			};
			name = Release;
		};
		6B39121A2FC001C10066559E /* Debug */ = {
			isa = XCBuildConfiguration;
			buildSettings = {
				CODE_SIGN_STYLE = Automatic;
				CURRENT_PROJECT_VERSION = 1;
				GENERATE_INFOPLIST_FILE = YES;
				MARKETING_VERSION = 1.0;
				PRODUCT_BUNDLE_IDENTIFIER = com.youngmin.GameBacklogUITests;
				PRODUCT_NAME = "$(TARGET_NAME)";
				STRING_CATALOG_GENERATE_SYMBOLS = NO;
				SWIFT_APPROACHABLE_CONCURRENCY = YES;
				SWIFT_EMIT_LOC_STRINGS = NO;
				SWIFT_UPCOMING_FEATURE_MEMBER_IMPORT_VISIBILITY = YES;
				SWIFT_VERSION = 5.0;
				TARGETED_DEVICE_FAMILY = "1,2";
				TEST_TARGET_NAME = GameBacklog;
			};
			name = Debug;
		};
		6B39121B2FC001C10066559E /* Release */ = {
			isa = XCBuildConfiguration;
			buildSettings = {
				CODE_SIGN_STYLE = Automatic;
				CURRENT_PROJECT_VERSION = 1;
				GENERATE_INFOPLIST_FILE = YES;
				MARKETING_VERSION = 1.0;
				PRODUCT_BUNDLE_IDENTIFIER = com.youngmin.GameBacklogUITests;
				PRODUCT_NAME = "$(TARGET_NAME)";
				STRING_CATALOG_GENERATE_SYMBOLS = NO;
				SWIFT_APPROACHABLE_CONCURRENCY = YES;
				SWIFT_EMIT_LOC_STRINGS = NO;
				SWIFT_UPCOMING_FEATURE_MEMBER_IMPORT_VISIBILITY = YES;
				SWIFT_VERSION = 5.0;
				TARGETED_DEVICE_FAMILY = "1,2";
				TEST_TARGET_NAME = GameBacklog;
			};
			name = Release;
		};
/* End XCBuildConfiguration section */

/* Begin XCConfigurationList section */
		6B3911ED2FC001C00066559E /* Build configuration list for PBXProject "GameBacklog" */ = {
			isa = XCConfigurationList;
			buildConfigurations = (
				6B3912112FC001C10066559E /* Debug */,
				6B3912122FC001C10066559E /* Release */,
			);
			defaultConfigurationIsVisible = 0;
			defaultConfigurationName = Release;
		};
		6B3912132FC001C10066559E /* Build configuration list for PBXNativeTarget "GameBacklog" */ = {
			isa = XCConfigurationList;
			buildConfigurations = (
				6B3912142FC001C10066559E /* Debug */,
				6B3912152FC001C10066559E /* Release */,
			);
			defaultConfigurationIsVisible = 0;
			defaultConfigurationName = Release;
		};
		6B3912162FC001C10066559E /* Build configuration list for PBXNativeTarget "GameBacklogTests" */ = {
			isa = XCConfigurationList;
			buildConfigurations = (
				6B3912172FC001C10066559E /* Debug */,
				6B3912182FC001C10066559E /* Release */,
			);
			defaultConfigurationIsVisible = 0;
			defaultConfigurationName = Release;
		};
		6B3912192FC001C10066559E /* Build configuration list for PBXNativeTarget "GameBacklogUITests" */ = {
			isa = XCConfigurationList;
			buildConfigurations = (
				6B39121A2FC001C10066559E /* Debug */,
				6B39121B2FC001C10066559E /* Release */,
			);
			defaultConfigurationIsVisible = 0;
			defaultConfigurationName = Release;
		};
/* End XCConfigurationList section */

/* Begin XCRemoteSwiftPackageReference section */
		6B3912382FC00A7E0066559E /* XCRemoteSwiftPackageReference "Kingfisher" */ = {
			isa = XCRemoteSwiftPackageReference;
			repositoryURL = "https://github.com/onevcat/Kingfisher";
			requirement = {
				kind = upToNextMajorVersion;
				minimumVersion = 8.9.0;
			};
		};
/* End XCRemoteSwiftPackageReference section */

/* Begin XCSwiftPackageProductDependency section */
		6BF547F22FCAA3040095EF08 /* Kingfisher */ = {
			isa = XCSwiftPackageProductDependency;
			package = 6B3912382FC00A7E0066559E /* XCRemoteSwiftPackageReference "Kingfisher" */;
			productName = Kingfisher;
		};
/* End XCSwiftPackageProductDependency section */
	};
	rootObject = 6B3911EA2FC001C00066559E /* Project object */;
}
